
Microsoft Visual Studio Solution File, Format Version 12.00
# Visual Studio 15
VisualStudioVersion = 15.0.25618.0
MinimumVisualStudioVersion = 10.0.40219.1
Project("{FAE04EC0-301F-11D3-BF4B-00C04F79EFBC}") = "DecryptESD", "DecryptESD\DecryptESD.csproj", "{C2500A05-8C18-47E8-B780-8C40CA471D20}"
EndProject
Project("{FAE04EC0-301F-11D3-BF4B-00C04F79EFBC}") = "CryptoKeySite", "CryptoKeySite\CryptoKeySite.csproj", "{B9C5EADE-631F-46A4-96B6-E5D3BA494F4B}"
EndProject
Project("{2150E333-8FDC-42A3-9474-1A3956D46DE8}") = "Documents", "Documents", "{DE8252A8-7832-4FFA-A09D-60C4AF3D3D76}"
	ProjectSection(SolutionItems) = preProject
		LICENSE.md = LICENSE.md
		README.md = README.md
	EndProjectSection
EndProject
Global
	GlobalSection(SolutionConfigurationPlatforms) = preSolution
		Debug|Any CPU = Debug|Any CPU
		Release|Any CPU = Release|Any CPU
	EndGlobalSection
	GlobalSection(ProjectConfigurationPlatforms) = postSolution
		{C2500A05-8C18-47E8-B780-8C40CA471D20}.Debug|Any CPU.ActiveCfg = Debug|Any CPU
		{C2500A05-8C18-47E8-B780-8C40CA471D20}.Debug|Any CPU.Build.0 = Debug|Any CPU
		{C2500A05-8C18-47E8-B780-8C40CA471D20}.Release|Any CPU.ActiveCfg = Release|Any CPU
		{C2500A05-8C18-47E8-B780-8C40CA471D20}.Release|Any CPU.Build.0 = Release|Any CPU
		{B9C5EADE-631F-46A4-96B6-E5D3BA494F4B}.Debug|Any CPU.ActiveCfg = Debug|Any CPU
		{B9C5EADE-631F-46A4-96B6-E5D3BA494F4B}.Debug|Any CPU.Build.0 = Debug|Any CPU
		{B9C5EADE-631F-46A4-96B6-E5D3BA494F4B}.Release|Any CPU.ActiveCfg = Release|Any CPU
		{B9C5EADE-631F-46A4-96B6-E5D3BA494F4B}.Release|Any CPU.Build.0 = Release|Any CPU
	EndGlobalSection
	GlobalSection(SolutionProperties) = preSolution
		HideSolutionNode = FALSE
	EndGlobalSection
EndGlobal
